
Microsoft Visual Studio Solution File, Format Version 12.00
# Visual Studio 15
VisualStudioVersion = 15.0.27130.2027
MinimumVisualStudioVersion = 10.0.40219.1
Project("{FAE04EC0-301F-11D3-BF4B-00C04F79EFBC}") = "CPAN151-Lab04", "CPAN155-Lab03-2\CPAN151-Lab04.csproj", "{299E92D9-9D67-4363-9978-FB07B9DB5D99}"
EndProject
Project("{FAE04EC0-301F-11D3-BF4B-00C04F79EFBC}") = "CakeClasses", "CakeClasses1\CakeClasses.csproj", "{ED2A858D-4306-4855-9CC6-D43E323FB1F6}"
EndProject
Project("{FAE04EC0-301F-11D3-BF4B-00C04F79EFBC}") = "DatabaseClasses", "DatabaseClasses\DatabaseClasses.csproj", "{C08D534E-F32D-4AFB-9503-B3FF430A2D44}"
EndProject
Global
	GlobalSection(SolutionConfigurationPlatforms) = preSolution
		Debug|Any CPU = Debug|Any CPU
		Release|Any CPU = Release|Any CPU
	EndGlobalSection
	GlobalSection(ProjectConfigurationPlatforms) = postSolution
		{299E92D9-9D67-4363-9978-FB07B9DB5D99}.Debug|Any CPU.ActiveCfg = Debug|Any CPU
		{299E92D9-9D67-4363-9978-FB07B9DB5D99}.Debug|Any CPU.Build.0 = Debug|Any CPU
		{299E92D9-9D67-4363-9978-FB07B9DB5D99}.Release|Any CPU.ActiveCfg = Release|Any CPU
		{299E92D9-9D67-4363-9978-FB07B9DB5D99}.Release|Any CPU.Build.0 = Release|Any CPU
		{ED2A858D-4306-4855-9CC6-D43E323FB1F6}.Debug|Any CPU.ActiveCfg = Debug|Any CPU
		{ED2A858D-4306-4855-9CC6-D43E323FB1F6}.Debug|Any CPU.Build.0 = Debug|Any CPU
		{ED2A858D-4306-4855-9CC6-D43E323FB1F6}.Release|Any CPU.ActiveCfg = Release|Any CPU
		{ED2A858D-4306-4855-9CC6-D43E323FB1F6}.Release|Any CPU.Build.0 = Release|Any CPU
		{C08D534E-F32D-4AFB-9503-B3FF430A2D44}.Debug|Any CPU.ActiveCfg = Debug|Any CPU
		{C08D534E-F32D-4AFB-9503-B3FF430A2D44}.Debug|Any CPU.Build.0 = Debug|Any CPU
		{C08D534E-F32D-4AFB-9503-B3FF430A2D44}.Release|Any CPU.ActiveCfg = Release|Any CPU
		{C08D534E-F32D-4AFB-9503-B3FF430A2D44}.Release|Any CPU.Build.0 = Release|Any CPU
	EndGlobalSection
	GlobalSection(SolutionProperties) = preSolution
		HideSolutionNode = FALSE
	EndGlobalSection
	GlobalSection(ExtensibilityGlobals) = postSolution
		SolutionGuid = {138E30ED-9414-4BC1-B235-9E30C02D4FF1}
	EndGlobalSection
EndGlobal
